hash: 3c752f2fedd092bdbe54713fc75b5557b40c58420e86a2d319ff4d52011136fa
updated: 2016-11-03T11:45:31.776015748+02:00
imports:
- name: github.com/btcsuite/btcd
  version: b8df516b4b267acf2de46be593a9d948d1d2c420
  subpackages:
  - btcec
- name: github.com/btcsuite/fastsha256
  version: 637e656429416087660c84436a2a035d69d54e2e
- name: github.com/BurntSushi/toml
  version: 99064174e013895bbd9b025c31100bd1d9b590ca
- name: github.com/ebuchman/fail-test
  version: c1eddaa09da2b4017351245b0d43234955276798
- name: github.com/ethereum/ethash
  version: 2e80de5022370cfe632195b1720db52d07ff8a77
- name: github.com/ethereum/go-ethereum
  version: c72f5459ac110de47fa068bfa560164078508b1e
  subpackages:
  - accounts
  - accounts/abi
  - accounts/abi/bind
  - cmd/utils
  - common
  - common/compiler
  - common/httpclient
  - common/registrar
  - common/registrar/ethreg
  - core
  - core/state
  - core/types
  - core/vm
  - crypto
  - crypto/ecies
  - crypto/randentropy
  - crypto/secp256k1
  - crypto/sha3
  - eth
  - eth/downloader
  - eth/fetcher
  - eth/filters
  - ethdb
  - event
  - event/filter
  - internal/debug
  - logger
  - logger/glog
  - metrics
  - miner
  - node
  - p2p
  - p2p/discover
  - p2p/nat
  - params
  - pow
  - release
  - rlp
  - rpc
  - trie
  - whisper
- name: github.com/go-stack/stack
  version: 100eb0c0a9c5b306ca2fb4f165df21d80ada4b82
- name: github.com/golang/protobuf
  version: 98fa357170587e470c5f27d3c3ea0947b71eb455
  subpackages:
  - proto
- name: github.com/golang/snappy
  version: 799c780093d646c1b79d30894e22512c319fa137
- name: github.com/gorilla/websocket
  version: 0b847f2facc24ec406130a05bb1bb72d41993b05
- name: github.com/Gustav-Simonsson/go-opencl
  version: 593e01cfc4f3353585015321e01951d4a907d3ef
  subpackages:
  - cl
- name: github.com/hashicorp/golang-lru
  version: a0d98a5f288019575c6d1f4bb1573fef2d1fcdc4
  subpackages:
  - simplelru
- name: github.com/huin/goupnp
  version: 46bde78b11f3f021f2a511df138be9e2fc7506e8
  subpackages:
  - dcps/internetgateway1
  - dcps/internetgateway2
  - httpu
  - scpd
  - soap
  - ssdp
- name: github.com/jackpal/gateway
  version: 192609c58b8985e645cbe82ddcb28a4362ca0fdc
- name: github.com/jackpal/go-nat-pmp
  version: 46523a463303c6ede3ddfe45bde1c7ed52ebaacd
- name: github.com/mattn/go-colorable
  version: 9fdad7c47650b7d2e1da50644c1f4ba7f172f252
- name: github.com/mattn/go-isatty
  version: 56b76bdf51f7708750eac80fa38b952bb9f32639
- name: github.com/microsoft/go-winio
  version: 9e2895e5f6c3f16473b91d37fae6e89990a4520c
- name: github.com/pborman/uuid
  version: 0f1a46960a86dcdf5dd30d3e6568a497a997909f
- name: github.com/rcrowley/go-metrics
  version: 51425a2415d21afadfd55cd93432c0bc69e9598d
  subpackages:
  - exp
- name: github.com/rjeczalik/notify
  version: f627deca7a510d96f0ef9388f2d0e8b16d21f87f
- name: github.com/rs/cors
  version: 5950cf11d77f8a61b432a25dd4d444b4ced01379
- name: github.com/rs/xhandler
  version: d9d9599b6aaf6a058cb7b1f48291ded2cbd13390
- name: github.com/spf13/pflag
  version: 5ccb023bc27df288a957c5e994cd44fd19619465
- name: github.com/syndtr/goleveldb
  version: 917f41c560270110ceb73c5b38be2a9127387071
  subpackages:
  - leveldb
  - leveldb/cache
  - leveldb/comparer
  - leveldb/errors
  - leveldb/filter
  - leveldb/iterator
  - leveldb/journal
  - leveldb/memdb
  - leveldb/opt
  - leveldb/storage
  - leveldb/table
  - leveldb/util
- name: github.com/tendermint/ed25519
  version: 1f52c6f8b8a5c7908aff4497c186af344b428925
  subpackages:
  - edwards25519
  - extra25519
- name: github.com/tendermint/go-autofile
  version: 63186e34b33d78ae47fb0d25e5717b307fdf3603
- name: github.com/tendermint/go-flowrate
  version: a20c98e61957faa93b4014fbd902f20ab9317a6a
  subpackages:
  - flowrate
- name: github.com/tendermint/flowcontrol
  version: 84d9671090430e8ec80e35b339907e0579b999eb
- name: github.com/tendermint/go-clist
  version: 3baa390bbaf7634251c42ad69a8682e7e3990552
- name: github.com/tendermint/go-common
  version: fa3daa7abc253264c916c12fecce3effa01a1287
  subpackages:
  - test
- name: github.com/tendermint/go-config
  version: e64b424499acd0eb9856b88e10c0dff41628c0d6
- name: github.com/tendermint/go-crypto
  version: 4b11d62bdb324027ea01554e5767b71174680ba0
- name: github.com/tendermint/go-db
  version: 31fdd21c7eaeed53e0ea7ca597fb1e960e2988a5
- name: github.com/tendermint/go-events
  version: 1c85cb98a4e8ca9e92fe585bc9687fd69b98f841
- name: github.com/tendermint/go-logger
  version: cefb3a45c0bf3c493a04e9bcd9b1540528be59f2
- name: github.com/tendermint/go-merkle
  version: bfc4afe28c7a50045d4d1eb043e67460f8a51a4f
- name: github.com/tendermint/go-p2p
  version: 62b37014a89b5eddff74844846979d30911cffda
  subpackages:
  - upnp
- name: github.com/tendermint/go-rpc
  version: 161e36fd56c2f95ad133dd03ddb33db0363ca742
  subpackages:
  - client
  - types
- name: github.com/tendermint/go-wire
  version: 287d8caeae91d21686340f5f87170560531681e6
- name: github.com/tendermint/log15
  version: ae0f3d6450da9eac7074b439c8e1c3cabf0d5ce6
  subpackages:
  - term
- name: github.com/tendermint/tendermint
  version: dc436e72f96b112f3d902f82efb392b203e3ad84
  repo: http://github.com/tendermint/tendermint
  vcs: git
  subpackages:
  - rpc/core/types
  - types
- name: github.com/tendermint/tmsp
  version: 40448a3897dc870cc8e57a41a1e2872e976de539
  subpackages:
  - server
  - types
- name: golang.org/x/crypto
  version: 1f22c0103821b9390939b6776727195525381532
  subpackages:
  - curve25519
  - nacl/box
  - nacl/secretbox
  - openpgp/armor
  - openpgp/errors
  - pbkdf2
  - poly1305
  - ripemd160
  - salsa20/salsa
  - scrypt
- name: golang.org/x/net
  version: c33d37840d93fc75251f49ab83c5fc8b2faea5e8
  subpackages:
  - context
  - html
  - html/atom
  - html/charset
  - http2
  - http2/hpack
  - idna
  - internal/timeseries
  - lex/httplex
  - trace
  - websocket
- name: golang.org/x/sys
  version: 50c6bc5e4292a1d4e65c6e9be5f53be28bcbe28e
  subpackages:
  - unix
- name: golang.org/x/text
  version: 09761194ac5034a97b2bfad4f5b896b0ac350b3e
  subpackages:
  - encoding
  - encoding/charmap
  - encoding/htmlindex
  - encoding/internal
  - encoding/internal/identifier
  - encoding/japanese
  - encoding/korean
  - encoding/simplifiedchinese
  - encoding/traditionalchinese
  - encoding/unicode
  - internal/tag
  - internal/utf8internal
  - language
  - runes
  - transform
- name: golang.org/x/tools
  version: 758728c4b28cfbac299730969ef8f655c4761283
  subpackages:
  - go/ast/astutil
  - imports
- name: google.golang.org/grpc
  version: 941cc894cea3c87a12943fd12b594964541b6d28
  subpackages:
  - codes
  - credentials
  - grpclog
  - internal
  - metadata
  - naming
  - peer
  - transport
- name: gopkg.in/fatih/set.v0
  version: 27c40922c40b43fe04554d8223a402af3ea333f3
- name: gopkg.in/karalabe/cookiejar.v2
  version: 8dcd6a7f4951f6ff3ee9cbb919a06d8925822e57
  subpackages:
  - collections/prque
- name: gopkg.in/urfave/cli.v1
  version: 01857ac33766ce0c93856370626f9799281c14f4
testImports: []
